
Microsoft Visual Studio Solution File, Format Version 12.00
# Visual Studio Version 17
VisualStudioVersion = 17.1.32421.90
MinimumVisualStudioVersion = 10.0.40219.1
Project("{2150E333-8FDC-42A3-9474-1A3956D46DE8}") = "Services", "Services", "{F772E120-B537-4B60-A27E-72AE7F96F2C6}"
EndProject
Project("{2150E333-8FDC-42A3-9474-1A3956D46DE8}") = "Catalog", "Catalog", "{FE42CDEA-BE0A-4C28-8B93-D47B366F0A1D}"
EndProject
Project("{9A19103F-16F7-4668-BE54-9A1E7A4F7556}") = "Catalog.API", "Services\Catalog\Catalog.API\Catalog.API.csproj", "{CD081C5C-2887-458C-94BD-DB524098D17F}"
EndProject
Project("{E53339B2-1760-4266-BCC7-CA923CBCF16C}") = "docker-compose", "docker-compose.dcproj", "{725F6E9A-689B-4068-9760-D74E8B4ACFDC}"
EndProject
Project("{2150E333-8FDC-42A3-9474-1A3956D46DE8}") = "Basket", "Basket", "{66CFB652-90E5-4355-893A-E86D0F6086BD}"
EndProject
Project("{9A19103F-16F7-4668-BE54-9A1E7A4F7556}") = "Basket.API", "Services\Basket\Basket.API\Basket.API.csproj", "{984280B9-625F-4866-954D-297BAE9396FB}"
EndProject
Project("{2150E333-8FDC-42A3-9474-1A3956D46DE8}") = "Discount", "Discount", "{64A57D93-F693-42C1-979A-277951880131}"
EndProject
Project("{9A19103F-16F7-4668-BE54-9A1E7A4F7556}") = "Discount.API", "Services\Discount\Discount.API\Discount.API.csproj", "{919E956D-4B1F-476B-9E18-221DA7B24EC4}"
EndProject
Project("{FAE04EC0-301F-11D3-BF4B-00C04F79EFBC}") = "Discount.Grpc", "Services\Discount\Discount.Grpc\Discount.Grpc.csproj", "{905FAE19-1E48-466A-9968-532053C538B9}"
EndProject
Global
	GlobalSection(SolutionConfigurationPlatforms) = preSolution
		Debug|Any CPU = Debug|Any CPU
		Release|Any CPU = Release|Any CPU
	EndGlobalSection
	GlobalSection(ProjectConfigurationPlatforms) = postSolution
		{CD081C5C-2887-458C-94BD-DB524098D17F}.Debug|Any CPU.ActiveCfg = Debug|Any CPU
		{CD081C5C-2887-458C-94BD-DB524098D17F}.Debug|Any CPU.Build.0 = Debug|Any CPU
		{CD081C5C-2887-458C-94BD-DB524098D17F}.Release|Any CPU.ActiveCfg = Release|Any CPU
		{CD081C5C-2887-458C-94BD-DB524098D17F}.Release|Any CPU.Build.0 = Release|Any CPU
		{725F6E9A-689B-4068-9760-D74E8B4ACFDC}.Debug|Any CPU.ActiveCfg = Debug|Any CPU
		{725F6E9A-689B-4068-9760-D74E8B4ACFDC}.Debug|Any CPU.Build.0 = Debug|Any CPU
		{725F6E9A-689B-4068-9760-D74E8B4ACFDC}.Release|Any CPU.ActiveCfg = Release|Any CPU
		{725F6E9A-689B-4068-9760-D74E8B4ACFDC}.Release|Any CPU.Build.0 = Release|Any CPU
		{984280B9-625F-4866-954D-297BAE9396FB}.Debug|Any CPU.ActiveCfg = Debug|Any CPU
		{984280B9-625F-4866-954D-297BAE9396FB}.Debug|Any CPU.Build.0 = Debug|Any CPU
		{984280B9-625F-4866-954D-297BAE9396FB}.Release|Any CPU.ActiveCfg = Release|Any CPU
		{984280B9-625F-4866-954D-297BAE9396FB}.Release|Any CPU.Build.0 = Release|Any CPU
		{919E956D-4B1F-476B-9E18-221DA7B24EC4}.Debug|Any CPU.ActiveCfg = Debug|Any CPU
		{919E956D-4B1F-476B-9E18-221DA7B24EC4}.Debug|Any CPU.Build.0 = Debug|Any CPU
		{919E956D-4B1F-476B-9E18-221DA7B24EC4}.Release|Any CPU.ActiveCfg = Release|Any CPU
		{919E956D-4B1F-476B-9E18-221DA7B24EC4}.Release|Any CPU.Build.0 = Release|Any CPU
		{905FAE19-1E48-466A-9968-532053C538B9}.Debug|Any CPU.ActiveCfg = Debug|Any CPU
		{905FAE19-1E48-466A-9968-532053C538B9}.Debug|Any CPU.Build.0 = Debug|Any CPU
		{905FAE19-1E48-466A-9968-532053C538B9}.Release|Any CPU.ActiveCfg = Release|Any CPU
		{905FAE19-1E48-466A-9968-532053C538B9}.Release|Any CPU.Build.0 = Release|Any CPU
	EndGlobalSection
	GlobalSection(SolutionProperties) = preSolution
		HideSolutionNode = FALSE
	EndGlobalSection
	GlobalSection(NestedProjects) = preSolution
		{FE42CDEA-BE0A-4C28-8B93-D47B366F0A1D} = {F772E120-B537-4B60-A27E-72AE7F96F2C6}
		{CD081C5C-2887-458C-94BD-DB524098D17F} = {FE42CDEA-BE0A-4C28-8B93-D47B366F0A1D}
		{66CFB652-90E5-4355-893A-E86D0F6086BD} = {F772E120-B537-4B60-A27E-72AE7F96F2C6}
		{984280B9-625F-4866-954D-297BAE9396FB} = {66CFB652-90E5-4355-893A-E86D0F6086BD}
		{64A57D93-F693-42C1-979A-277951880131} = {F772E120-B537-4B60-A27E-72AE7F96F2C6}
		{919E956D-4B1F-476B-9E18-221DA7B24EC4} = {64A57D93-F693-42C1-979A-277951880131}
		{905FAE19-1E48-466A-9968-532053C538B9} = {64A57D93-F693-42C1-979A-277951880131}
	EndGlobalSection
	GlobalSection(ExtensibilityGlobals) = postSolution
		SolutionGuid = {B5265840-8BC0-43C8-AE04-2A256FD54740}
	EndGlobalSection
EndGlobal
