
Microsoft Visual Studio Solution File, Format Version 12.00
# Visual Studio Version 17
VisualStudioVersion = 17.1.32421.90
MinimumVisualStudioVersion = 10.0.40219.1
Project("{2150E333-8FDC-42A3-9474-1A3956D46DE8}") = "Services", "Services", "{F772E120-B537-4B60-A27E-72AE7F96F2C6}"
EndProject
Project("{2150E333-8FDC-42A3-9474-1A3956D46DE8}") = "Catalog", "Catalog", "{FE42CDEA-BE0A-4C28-8B93-D47B366F0A1D}"
EndProject
Project("{9A19103F-16F7-4668-BE54-9A1E7A4F7556}") = "Catalog.API", "Services\Catalog\Catalog.API\Catalog.API.csproj", "{CD081C5C-2887-458C-94BD-DB524098D17F}"
EndProject
Project("{E53339B2-1760-4266-BCC7-CA923CBCF16C}") = "docker-compose", "docker-compose.dcproj", "{725F6E9A-689B-4068-9760-D74E8B4ACFDC}"
EndProject
Project("{2150E333-8FDC-42A3-9474-1A3956D46DE8}") = "Basket", "Basket", "{66CFB652-90E5-4355-893A-E86D0F6086BD}"
EndProject
Project("{9A19103F-16F7-4668-BE54-9A1E7A4F7556}") = "Basket.API", "Services\Basket\Basket.API\Basket.API.csproj", "{984280B9-625F-4866-954D-297BAE9396FB}"
EndProject
Project("{2150E333-8FDC-42A3-9474-1A3956D46DE8}") = "Discount", "Discount", "{64A57D93-F693-42C1-979A-277951880131}"
EndProject
Project("{9A19103F-16F7-4668-BE54-9A1E7A4F7556}") = "Discount.API", "Services\Discount\Discount.API\Discount.API.csproj", "{919E956D-4B1F-476B-9E18-221DA7B24EC4}"
EndProject
Project("{9A19103F-16F7-4668-BE54-9A1E7A4F7556}") = "Discount.Grpc", "Services\Discount\Discount.Grpc\Discount.Grpc.csproj", "{905FAE19-1E48-466A-9968-532053C538B9}"
EndProject
Project("{2150E333-8FDC-42A3-9474-1A3956D46DE8}") = "Ordering", "Ordering", "{BBAB10A5-F43D-4A92-AC7D-831FCC40EA50}"
EndProject
Project("{FAE04EC0-301F-11D3-BF4B-00C04F79EFBC}") = "Ordering.API", "Services\Ordering\Ordering.API\Ordering.API.csproj", "{5261AE0A-7611-40AB-AC79-BBC60250F931}"
EndProject
Project("{FAE04EC0-301F-11D3-BF4B-00C04F79EFBC}") = "Ordering.Application", "Services\Ordering\Ordering.Application\Ordering.Application.csproj", "{70C06826-966D-4D09-8E0B-0A67629B3A2C}"
EndProject
Project("{FAE04EC0-301F-11D3-BF4B-00C04F79EFBC}") = "Ordering.Domain", "Services\Ordering\Ordering.Domain\Ordering.Domain.csproj", "{385F9441-E0EE-4565-9DBA-FA830F85646C}"
EndProject
Project("{FAE04EC0-301F-11D3-BF4B-00C04F79EFBC}") = "Ordering.Infrastructure", "Services\Ordering\Ordering.Infrastructure\Ordering.Infrastructure.csproj", "{E3CC7F28-A496-4AAF-BBD6-47808783B3A8}"
EndProject
Global
	GlobalSection(SolutionConfigurationPlatforms) = preSolution
		Debug|Any CPU = Debug|Any CPU
		Debug|ARM = Debug|ARM
		Debug|ARM64 = Debug|ARM64
		Debug|x64 = Debug|x64
		Debug|x86 = Debug|x86
		Release|Any CPU = Release|Any CPU
		Release|ARM = Release|ARM
		Release|ARM64 = Release|ARM64
		Release|x64 = Release|x64
		Release|x86 = Release|x86
	EndGlobalSection
	GlobalSection(ProjectConfigurationPlatforms) = postSolution
		{CD081C5C-2887-458C-94BD-DB524098D17F}.Debug|Any CPU.ActiveCfg = Debug|Any CPU
		{CD081C5C-2887-458C-94BD-DB524098D17F}.Debug|Any CPU.Build.0 = Debug|Any CPU
		{CD081C5C-2887-458C-94BD-DB524098D17F}.Debug|ARM.ActiveCfg = Debug|Any CPU
		{CD081C5C-2887-458C-94BD-DB524098D17F}.Debug|ARM.Build.0 = Debug|Any CPU
		{CD081C5C-2887-458C-94BD-DB524098D17F}.Debug|ARM64.ActiveCfg = Debug|Any CPU
		{CD081C5C-2887-458C-94BD-DB524098D17F}.Debug|ARM64.Build.0 = Debug|Any CPU
		{CD081C5C-2887-458C-94BD-DB524098D17F}.Debug|x64.ActiveCfg = Debug|Any CPU
		{CD081C5C-2887-458C-94BD-DB524098D17F}.Debug|x64.Build.0 = Debug|Any CPU
		{CD081C5C-2887-458C-94BD-DB524098D17F}.Debug|x86.ActiveCfg = Debug|Any CPU
		{CD081C5C-2887-458C-94BD-DB524098D17F}.Debug|x86.Build.0 = Debug|Any CPU
		{CD081C5C-2887-458C-94BD-DB524098D17F}.Release|Any CPU.ActiveCfg = Release|Any CPU
		{CD081C5C-2887-458C-94BD-DB524098D17F}.Release|Any CPU.Build.0 = Release|Any CPU
		{CD081C5C-2887-458C-94BD-DB524098D17F}.Release|ARM.ActiveCfg = Release|Any CPU
		{CD081C5C-2887-458C-94BD-DB524098D17F}.Release|ARM.Build.0 = Release|Any CPU
		{CD081C5C-2887-458C-94BD-DB524098D17F}.Release|ARM64.ActiveCfg = Release|Any CPU
		{CD081C5C-2887-458C-94BD-DB524098D17F}.Release|ARM64.Build.0 = Release|Any CPU
		{CD081C5C-2887-458C-94BD-DB524098D17F}.Release|x64.ActiveCfg = Release|Any CPU
		{CD081C5C-2887-458C-94BD-DB524098D17F}.Release|x64.Build.0 = Release|Any CPU
		{CD081C5C-2887-458C-94BD-DB524098D17F}.Release|x86.ActiveCfg = Release|Any CPU
		{CD081C5C-2887-458C-94BD-DB524098D17F}.Release|x86.Build.0 = Release|Any CPU
		{725F6E9A-689B-4068-9760-D74E8B4ACFDC}.Debug|Any CPU.ActiveCfg = Debug|Any CPU
		{725F6E9A-689B-4068-9760-D74E8B4ACFDC}.Debug|Any CPU.Build.0 = Debug|Any CPU
		{725F6E9A-689B-4068-9760-D74E8B4ACFDC}.Debug|ARM.ActiveCfg = Debug|Any CPU
		{725F6E9A-689B-4068-9760-D74E8B4ACFDC}.Debug|ARM.Build.0 = Debug|Any CPU
		{725F6E9A-689B-4068-9760-D74E8B4ACFDC}.Debug|ARM64.ActiveCfg = Debug|Any CPU
		{725F6E9A-689B-4068-9760-D74E8B4ACFDC}.Debug|ARM64.Build.0 = Debug|Any CPU
		{725F6E9A-689B-4068-9760-D74E8B4ACFDC}.Debug|x64.ActiveCfg = Debug|Any CPU
		{725F6E9A-689B-4068-9760-D74E8B4ACFDC}.Debug|x64.Build.0 = Debug|Any CPU
		{725F6E9A-689B-4068-9760-D74E8B4ACFDC}.Debug|x86.ActiveCfg = Debug|Any CPU
		{725F6E9A-689B-4068-9760-D74E8B4ACFDC}.Debug|x86.Build.0 = Debug|Any CPU
		{725F6E9A-689B-4068-9760-D74E8B4ACFDC}.Release|Any CPU.ActiveCfg = Release|Any CPU
		{725F6E9A-689B-4068-9760-D74E8B4ACFDC}.Release|Any CPU.Build.0 = Release|Any CPU
		{725F6E9A-689B-4068-9760-D74E8B4ACFDC}.Release|ARM.ActiveCfg = Release|Any CPU
		{725F6E9A-689B-4068-9760-D74E8B4ACFDC}.Release|ARM.Build.0 = Release|Any CPU
		{725F6E9A-689B-4068-9760-D74E8B4ACFDC}.Release|ARM64.ActiveCfg = Release|Any CPU
		{725F6E9A-689B-4068-9760-D74E8B4ACFDC}.Release|ARM64.Build.0 = Release|Any CPU
		{725F6E9A-689B-4068-9760-D74E8B4ACFDC}.Release|x64.ActiveCfg = Release|Any CPU
		{725F6E9A-689B-4068-9760-D74E8B4ACFDC}.Release|x64.Build.0 = Release|Any CPU
		{725F6E9A-689B-4068-9760-D74E8B4ACFDC}.Release|x86.ActiveCfg = Release|Any CPU
		{725F6E9A-689B-4068-9760-D74E8B4ACFDC}.Release|x86.Build.0 = Release|Any CPU
		{984280B9-625F-4866-954D-297BAE9396FB}.Debug|Any CPU.ActiveCfg = Debug|Any CPU
		{984280B9-625F-4866-954D-297BAE9396FB}.Debug|Any CPU.Build.0 = Debug|Any CPU
		{984280B9-625F-4866-954D-297BAE9396FB}.Debug|ARM.ActiveCfg = Debug|Any CPU
		{984280B9-625F-4866-954D-297BAE9396FB}.Debug|ARM.Build.0 = Debug|Any CPU
		{984280B9-625F-4866-954D-297BAE9396FB}.Debug|ARM64.ActiveCfg = Debug|Any CPU
		{984280B9-625F-4866-954D-297BAE9396FB}.Debug|ARM64.Build.0 = Debug|Any CPU
		{984280B9-625F-4866-954D-297BAE9396FB}.Debug|x64.ActiveCfg = Debug|Any CPU
		{984280B9-625F-4866-954D-297BAE9396FB}.Debug|x64.Build.0 = Debug|Any CPU
		{984280B9-625F-4866-954D-297BAE9396FB}.Debug|x86.ActiveCfg = Debug|Any CPU
		{984280B9-625F-4866-954D-297BAE9396FB}.Debug|x86.Build.0 = Debug|Any CPU
		{984280B9-625F-4866-954D-297BAE9396FB}.Release|Any CPU.ActiveCfg = Release|Any CPU
		{984280B9-625F-4866-954D-297BAE9396FB}.Release|Any CPU.Build.0 = Release|Any CPU
		{984280B9-625F-4866-954D-297BAE9396FB}.Release|ARM.ActiveCfg = Release|Any CPU
		{984280B9-625F-4866-954D-297BAE9396FB}.Release|ARM.Build.0 = Release|Any CPU
		{984280B9-625F-4866-954D-297BAE9396FB}.Release|ARM64.ActiveCfg = Release|Any CPU
		{984280B9-625F-4866-954D-297BAE9396FB}.Release|ARM64.Build.0 = Release|Any CPU
		{984280B9-625F-4866-954D-297BAE9396FB}.Release|x64.ActiveCfg = Release|Any CPU
		{984280B9-625F-4866-954D-297BAE9396FB}.Release|x64.Build.0 = Release|Any CPU
		{984280B9-625F-4866-954D-297BAE9396FB}.Release|x86.ActiveCfg = Release|Any CPU
		{984280B9-625F-4866-954D-297BAE9396FB}.Release|x86.Build.0 = Release|Any CPU
		{919E956D-4B1F-476B-9E18-221DA7B24EC4}.Debug|Any CPU.ActiveCfg = Debug|Any CPU
		{919E956D-4B1F-476B-9E18-221DA7B24EC4}.Debug|Any CPU.Build.0 = Debug|Any CPU
		{919E956D-4B1F-476B-9E18-221DA7B24EC4}.Debug|ARM.ActiveCfg = Debug|Any CPU
		{919E956D-4B1F-476B-9E18-221DA7B24EC4}.Debug|ARM.Build.0 = Debug|Any CPU
		{919E956D-4B1F-476B-9E18-221DA7B24EC4}.Debug|ARM64.ActiveCfg = Debug|Any CPU
		{919E956D-4B1F-476B-9E18-221DA7B24EC4}.Debug|ARM64.Build.0 = Debug|Any CPU
		{919E956D-4B1F-476B-9E18-221DA7B24EC4}.Debug|x64.ActiveCfg = Debug|Any CPU
		{919E956D-4B1F-476B-9E18-221DA7B24EC4}.Debug|x64.Build.0 = Debug|Any CPU
		{919E956D-4B1F-476B-9E18-221DA7B24EC4}.Debug|x86.ActiveCfg = Debug|Any CPU
		{919E956D-4B1F-476B-9E18-221DA7B24EC4}.Debug|x86.Build.0 = Debug|Any CPU
		{919E956D-4B1F-476B-9E18-221DA7B24EC4}.Release|Any CPU.ActiveCfg = Release|Any CPU
		{919E956D-4B1F-476B-9E18-221DA7B24EC4}.Release|Any CPU.Build.0 = Release|Any CPU
		{919E956D-4B1F-476B-9E18-221DA7B24EC4}.Release|ARM.ActiveCfg = Release|Any CPU
		{919E956D-4B1F-476B-9E18-221DA7B24EC4}.Release|ARM.Build.0 = Release|Any CPU
		{919E956D-4B1F-476B-9E18-221DA7B24EC4}.Release|ARM64.ActiveCfg = Release|Any CPU
		{919E956D-4B1F-476B-9E18-221DA7B24EC4}.Release|ARM64.Build.0 = Release|Any CPU
		{919E956D-4B1F-476B-9E18-221DA7B24EC4}.Release|x64.ActiveCfg = Release|Any CPU
		{919E956D-4B1F-476B-9E18-221DA7B24EC4}.Release|x64.Build.0 = Release|Any CPU
		{919E956D-4B1F-476B-9E18-221DA7B24EC4}.Release|x86.ActiveCfg = Release|Any CPU
		{919E956D-4B1F-476B-9E18-221DA7B24EC4}.Release|x86.Build.0 = Release|Any CPU
		{905FAE19-1E48-466A-9968-532053C538B9}.Debug|Any CPU.ActiveCfg = Debug|Any CPU
		{905FAE19-1E48-466A-9968-532053C538B9}.Debug|Any CPU.Build.0 = Debug|Any CPU
		{905FAE19-1E48-466A-9968-532053C538B9}.Debug|ARM.ActiveCfg = Debug|Any CPU
		{905FAE19-1E48-466A-9968-532053C538B9}.Debug|ARM.Build.0 = Debug|Any CPU
		{905FAE19-1E48-466A-9968-532053C538B9}.Debug|ARM64.ActiveCfg = Debug|Any CPU
		{905FAE19-1E48-466A-9968-532053C538B9}.Debug|ARM64.Build.0 = Debug|Any CPU
		{905FAE19-1E48-466A-9968-532053C538B9}.Debug|x64.ActiveCfg = Debug|Any CPU
		{905FAE19-1E48-466A-9968-532053C538B9}.Debug|x64.Build.0 = Debug|Any CPU
		{905FAE19-1E48-466A-9968-532053C538B9}.Debug|x86.ActiveCfg = Debug|Any CPU
		{905FAE19-1E48-466A-9968-532053C538B9}.Debug|x86.Build.0 = Debug|Any CPU
		{905FAE19-1E48-466A-9968-532053C538B9}.Release|Any CPU.ActiveCfg = Release|Any CPU
		{905FAE19-1E48-466A-9968-532053C538B9}.Release|Any CPU.Build.0 = Release|Any CPU
		{905FAE19-1E48-466A-9968-532053C538B9}.Release|ARM.ActiveCfg = Release|Any CPU
		{905FAE19-1E48-466A-9968-532053C538B9}.Release|ARM.Build.0 = Release|Any CPU
		{905FAE19-1E48-466A-9968-532053C538B9}.Release|ARM64.ActiveCfg = Release|Any CPU
		{905FAE19-1E48-466A-9968-532053C538B9}.Release|ARM64.Build.0 = Release|Any CPU
		{905FAE19-1E48-466A-9968-532053C538B9}.Release|x64.ActiveCfg = Release|Any CPU
		{905FAE19-1E48-466A-9968-532053C538B9}.Release|x64.Build.0 = Release|Any CPU
		{905FAE19-1E48-466A-9968-532053C538B9}.Release|x86.ActiveCfg = Release|Any CPU
		{905FAE19-1E48-466A-9968-532053C538B9}.Release|x86.Build.0 = Release|Any CPU
		{5261AE0A-7611-40AB-AC79-BBC60250F931}.Debug|Any CPU.ActiveCfg = Debug|Any CPU
		{5261AE0A-7611-40AB-AC79-BBC60250F931}.Debug|Any CPU.Build.0 = Debug|Any CPU
		{5261AE0A-7611-40AB-AC79-BBC60250F931}.Debug|ARM.ActiveCfg = Debug|Any CPU
		{5261AE0A-7611-40AB-AC79-BBC60250F931}.Debug|ARM.Build.0 = Debug|Any CPU
		{5261AE0A-7611-40AB-AC79-BBC60250F931}.Debug|ARM64.ActiveCfg = Debug|Any CPU
		{5261AE0A-7611-40AB-AC79-BBC60250F931}.Debug|ARM64.Build.0 = Debug|Any CPU
		{5261AE0A-7611-40AB-AC79-BBC60250F931}.Debug|x64.ActiveCfg = Debug|Any CPU
		{5261AE0A-7611-40AB-AC79-BBC60250F931}.Debug|x64.Build.0 = Debug|Any CPU
		{5261AE0A-7611-40AB-AC79-BBC60250F931}.Debug|x86.ActiveCfg = Debug|Any CPU
		{5261AE0A-7611-40AB-AC79-BBC60250F931}.Debug|x86.Build.0 = Debug|Any CPU
		{5261AE0A-7611-40AB-AC79-BBC60250F931}.Release|Any CPU.ActiveCfg = Release|Any CPU
		{5261AE0A-7611-40AB-AC79-BBC60250F931}.Release|Any CPU.Build.0 = Release|Any CPU
		{5261AE0A-7611-40AB-AC79-BBC60250F931}.Release|ARM.ActiveCfg = Release|Any CPU
		{5261AE0A-7611-40AB-AC79-BBC60250F931}.Release|ARM.Build.0 = Release|Any CPU
		{5261AE0A-7611-40AB-AC79-BBC60250F931}.Release|ARM64.ActiveCfg = Release|Any CPU
		{5261AE0A-7611-40AB-AC79-BBC60250F931}.Release|ARM64.Build.0 = Release|Any CPU
		{5261AE0A-7611-40AB-AC79-BBC60250F931}.Release|x64.ActiveCfg = Release|Any CPU
		{5261AE0A-7611-40AB-AC79-BBC60250F931}.Release|x64.Build.0 = Release|Any CPU
		{5261AE0A-7611-40AB-AC79-BBC60250F931}.Release|x86.ActiveCfg = Release|Any CPU
		{5261AE0A-7611-40AB-AC79-BBC60250F931}.Release|x86.Build.0 = Release|Any CPU
		{70C06826-966D-4D09-8E0B-0A67629B3A2C}.Debug|Any CPU.ActiveCfg = Debug|Any CPU
		{70C06826-966D-4D09-8E0B-0A67629B3A2C}.Debug|Any CPU.Build.0 = Debug|Any CPU
		{70C06826-966D-4D09-8E0B-0A67629B3A2C}.Debug|ARM.ActiveCfg = Debug|Any CPU
		{70C06826-966D-4D09-8E0B-0A67629B3A2C}.Debug|ARM.Build.0 = Debug|Any CPU
		{70C06826-966D-4D09-8E0B-0A67629B3A2C}.Debug|ARM64.ActiveCfg = Debug|Any CPU
		{70C06826-966D-4D09-8E0B-0A67629B3A2C}.Debug|ARM64.Build.0 = Debug|Any CPU
		{70C06826-966D-4D09-8E0B-0A67629B3A2C}.Debug|x64.ActiveCfg = Debug|Any CPU
		{70C06826-966D-4D09-8E0B-0A67629B3A2C}.Debug|x64.Build.0 = Debug|Any CPU
		{70C06826-966D-4D09-8E0B-0A67629B3A2C}.Debug|x86.ActiveCfg = Debug|Any CPU
		{70C06826-966D-4D09-8E0B-0A67629B3A2C}.Debug|x86.Build.0 = Debug|Any CPU
		{70C06826-966D-4D09-8E0B-0A67629B3A2C}.Release|Any CPU.ActiveCfg = Release|Any CPU
		{70C06826-966D-4D09-8E0B-0A67629B3A2C}.Release|Any CPU.Build.0 = Release|Any CPU
		{70C06826-966D-4D09-8E0B-0A67629B3A2C}.Release|ARM.ActiveCfg = Release|Any CPU
		{70C06826-966D-4D09-8E0B-0A67629B3A2C}.Release|ARM.Build.0 = Release|Any CPU
		{70C06826-966D-4D09-8E0B-0A67629B3A2C}.Release|ARM64.ActiveCfg = Release|Any CPU
		{70C06826-966D-4D09-8E0B-0A67629B3A2C}.Release|ARM64.Build.0 = Release|Any CPU
		{70C06826-966D-4D09-8E0B-0A67629B3A2C}.Release|x64.ActiveCfg = Release|Any CPU
		{70C06826-966D-4D09-8E0B-0A67629B3A2C}.Release|x64.Build.0 = Release|Any CPU
		{70C06826-966D-4D09-8E0B-0A67629B3A2C}.Release|x86.ActiveCfg = Release|Any CPU
		{70C06826-966D-4D09-8E0B-0A67629B3A2C}.Release|x86.Build.0 = Release|Any CPU
		{385F9441-E0EE-4565-9DBA-FA830F85646C}.Debug|Any CPU.ActiveCfg = Debug|Any CPU
		{385F9441-E0EE-4565-9DBA-FA830F85646C}.Debug|Any CPU.Build.0 = Debug|Any CPU
		{385F9441-E0EE-4565-9DBA-FA830F85646C}.Debug|ARM.ActiveCfg = Debug|Any CPU
		{385F9441-E0EE-4565-9DBA-FA830F85646C}.Debug|ARM.Build.0 = Debug|Any CPU
		{385F9441-E0EE-4565-9DBA-FA830F85646C}.Debug|ARM64.ActiveCfg = Debug|Any CPU
		{385F9441-E0EE-4565-9DBA-FA830F85646C}.Debug|ARM64.Build.0 = Debug|Any CPU
		{385F9441-E0EE-4565-9DBA-FA830F85646C}.Debug|x64.ActiveCfg = Debug|Any CPU
		{385F9441-E0EE-4565-9DBA-FA830F85646C}.Debug|x64.Build.0 = Debug|Any CPU
		{385F9441-E0EE-4565-9DBA-FA830F85646C}.Debug|x86.ActiveCfg = Debug|Any CPU
		{385F9441-E0EE-4565-9DBA-FA830F85646C}.Debug|x86.Build.0 = Debug|Any CPU
		{385F9441-E0EE-4565-9DBA-FA830F85646C}.Release|Any CPU.ActiveCfg = Release|Any CPU
		{385F9441-E0EE-4565-9DBA-FA830F85646C}.Release|Any CPU.Build.0 = Release|Any CPU
		{385F9441-E0EE-4565-9DBA-FA830F85646C}.Release|ARM.ActiveCfg = Release|Any CPU
		{385F9441-E0EE-4565-9DBA-FA830F85646C}.Release|ARM.Build.0 = Release|Any CPU
		{385F9441-E0EE-4565-9DBA-FA830F85646C}.Release|ARM64.ActiveCfg = Release|Any CPU
		{385F9441-E0EE-4565-9DBA-FA830F85646C}.Release|ARM64.Build.0 = Release|Any CPU
		{385F9441-E0EE-4565-9DBA-FA830F85646C}.Release|x64.ActiveCfg = Release|Any CPU
		{385F9441-E0EE-4565-9DBA-FA830F85646C}.Release|x64.Build.0 = Release|Any CPU
		{385F9441-E0EE-4565-9DBA-FA830F85646C}.Release|x86.ActiveCfg = Release|Any CPU
		{385F9441-E0EE-4565-9DBA-FA830F85646C}.Release|x86.Build.0 = Release|Any CPU
		{E3CC7F28-A496-4AAF-BBD6-47808783B3A8}.Debug|Any CPU.ActiveCfg = Debug|Any CPU
		{E3CC7F28-A496-4AAF-BBD6-47808783B3A8}.Debug|Any CPU.Build.0 = Debug|Any CPU
		{E3CC7F28-A496-4AAF-BBD6-47808783B3A8}.Debug|ARM.ActiveCfg = Debug|Any CPU
		{E3CC7F28-A496-4AAF-BBD6-47808783B3A8}.Debug|ARM.Build.0 = Debug|Any CPU
		{E3CC7F28-A496-4AAF-BBD6-47808783B3A8}.Debug|ARM64.ActiveCfg = Debug|Any CPU
		{E3CC7F28-A496-4AAF-BBD6-47808783B3A8}.Debug|ARM64.Build.0 = Debug|Any CPU
		{E3CC7F28-A496-4AAF-BBD6-47808783B3A8}.Debug|x64.ActiveCfg = Debug|Any CPU
		{E3CC7F28-A496-4AAF-BBD6-47808783B3A8}.Debug|x64.Build.0 = Debug|Any CPU
		{E3CC7F28-A496-4AAF-BBD6-47808783B3A8}.Debug|x86.ActiveCfg = Debug|Any CPU
		{E3CC7F28-A496-4AAF-BBD6-47808783B3A8}.Debug|x86.Build.0 = Debug|Any CPU
		{E3CC7F28-A496-4AAF-BBD6-47808783B3A8}.Release|Any CPU.ActiveCfg = Release|Any CPU
		{E3CC7F28-A496-4AAF-BBD6-47808783B3A8}.Release|Any CPU.Build.0 = Release|Any CPU
		{E3CC7F28-A496-4AAF-BBD6-47808783B3A8}.Release|ARM.ActiveCfg = Release|Any CPU
		{E3CC7F28-A496-4AAF-BBD6-47808783B3A8}.Release|ARM.Build.0 = Release|Any CPU
		{E3CC7F28-A496-4AAF-BBD6-47808783B3A8}.Release|ARM64.ActiveCfg = Release|Any CPU
		{E3CC7F28-A496-4AAF-BBD6-47808783B3A8}.Release|ARM64.Build.0 = Release|Any CPU
		{E3CC7F28-A496-4AAF-BBD6-47808783B3A8}.Release|x64.ActiveCfg = Release|Any CPU
		{E3CC7F28-A496-4AAF-BBD6-47808783B3A8}.Release|x64.Build.0 = Release|Any CPU
		{E3CC7F28-A496-4AAF-BBD6-47808783B3A8}.Release|x86.ActiveCfg = Release|Any CPU
		{E3CC7F28-A496-4AAF-BBD6-47808783B3A8}.Release|x86.Build.0 = Release|Any CPU
	EndGlobalSection
	GlobalSection(SolutionProperties) = preSolution
		HideSolutionNode = FALSE
	EndGlobalSection
	GlobalSection(NestedProjects) = preSolution
		{FE42CDEA-BE0A-4C28-8B93-D47B366F0A1D} = {F772E120-B537-4B60-A27E-72AE7F96F2C6}
		{CD081C5C-2887-458C-94BD-DB524098D17F} = {FE42CDEA-BE0A-4C28-8B93-D47B366F0A1D}
		{66CFB652-90E5-4355-893A-E86D0F6086BD} = {F772E120-B537-4B60-A27E-72AE7F96F2C6}
		{984280B9-625F-4866-954D-297BAE9396FB} = {66CFB652-90E5-4355-893A-E86D0F6086BD}
		{64A57D93-F693-42C1-979A-277951880131} = {F772E120-B537-4B60-A27E-72AE7F96F2C6}
		{919E956D-4B1F-476B-9E18-221DA7B24EC4} = {64A57D93-F693-42C1-979A-277951880131}
		{905FAE19-1E48-466A-9968-532053C538B9} = {64A57D93-F693-42C1-979A-277951880131}
		{BBAB10A5-F43D-4A92-AC7D-831FCC40EA50} = {F772E120-B537-4B60-A27E-72AE7F96F2C6}
		{5261AE0A-7611-40AB-AC79-BBC60250F931} = {BBAB10A5-F43D-4A92-AC7D-831FCC40EA50}
		{70C06826-966D-4D09-8E0B-0A67629B3A2C} = {BBAB10A5-F43D-4A92-AC7D-831FCC40EA50}
		{385F9441-E0EE-4565-9DBA-FA830F85646C} = {BBAB10A5-F43D-4A92-AC7D-831FCC40EA50}
		{E3CC7F28-A496-4AAF-BBD6-47808783B3A8} = {BBAB10A5-F43D-4A92-AC7D-831FCC40EA50}
	EndGlobalSection
	GlobalSection(ExtensibilityGlobals) = postSolution
		SolutionGuid = {B5265840-8BC0-43C8-AE04-2A256FD54740}
	EndGlobalSection
EndGlobal
